{
  "name": "uniapp-keyboard-listener-demo",
  "version": "1.0.0",
  "lockfileVersion": 1,
  "requires": true,
  "dependencies": {
    "uniapp-keyboard-listener": {
      "version": "0.0.1",
      "resolved": "https://registry.npmjs.org/uniapp-keyboard-listener/-/uniapp-keyboard-listener-0.0.1.tgz",
      "integrity": "sha512-hSEU/O/1CKLLxcZ5vICKoDSVNC0VIh6hWGBjteMG50ZahXOpwITibU5rsbIFkr4kwrIP8rKfNzdJE7VABYdngA=="
    }
  }
}
